Microsoft Visual Studio Solution File, Format Version 12.00
# Visual Studio Version 17
VisualStudioVersion = 17.5.2.0
MinimumVisualStudioVersion = 10.0.40219.1
Project("{FAE04EC0-301F-11D3-BF4B-00C04F79EFBC}") = "PatientRegistrationSystem", "PatientRegistrationSystem.csproj", "{AFCA2534-1B58-C9D1-C6A6-1206D01CE6D1}"
EndProject
Global
	GlobalSection(SolutionConfigurationPlatforms) = preSolution
		Debug|Any CPU = Debug|Any CPU
		Release|Any CPU = Release|Any CPU
	EndGlobalSection
	GlobalSection(ProjectConfigurationPlatforms) = postSolution
		{AFCA2534-1B58-C9D1-C6A6-1206D01CE6D1}.Debug|Any CPU.ActiveCfg = Debug|Any CPU
		{AFCA2534-1B58-C9D1-C6A6-1206D01CE6D1}.Debug|Any CPU.Build.0 = Debug|Any CPU
		{AFCA2534-1B58-C9D1-C6A6-1206D01CE6D1}.Release|Any CPU.ActiveCfg = Release|Any CPU
		{AFCA2534-1B58-C9D1-C6A6-1206D01CE6D1}.Release|Any CPU.Build.0 = Release|Any CPU
	EndGlobalSection
	GlobalSection(SolutionProperties) = preSolution
		HideSolutionNode = FALSE
	EndGlobalSection
	GlobalSection(ExtensibilityGlobals) = postSolution
		SolutionGuid = {4C5F54D4-6F55-47C3-A05B-79C95CEE02FE}
	EndGlobalSection
EndGlobal
